// !$*UTF8*$!
{
	archiveVersion = 1;
	classes = {
	};
	objectVersion = 46;
	objects = {

/* Begin PBXBuildFile section */
		DD7A37F71C4FB49200E00454 /* HeatDetector .cpp in Sources */ = {isa = PBXBuildFile; fileRef = DD7A37F61C4FB49200E00454 /* HeatDetector .cpp */; };
/* End PBXBuildFile section */

/* Begin PBXCopyFilesBuildPhase section */
		DD7A37F11C4FB49200E00454 /* CopyFiles */ = {
			isa = PBXCopyFilesBuildPhase;
			buildActionMask = 2147483647;
			dstPath = /usr/share/man/man1/;
			dstSubfolderSpec = 0;
			files = (
			);
			runOnlyForDeploymentPostprocessing = 1;
		};
/* End PBXCopyFilesBuildPhase section */

/* Begin PBXFileReference section */
		DD7A37F31C4FB49200E00454 /* CodeinGame */ = {isa = PBXFileReference; explicitFileType = "compiled.mach-o.executable"; includeInIndex = 0; path = CodeinGame; sourceTree = BUILT_PRODUCTS_DIR; };
		DD7A37F61C4FB49200E00454 /* HeatDetector .cpp */ = {isa = PBXFileReference; lastKnownFileType = sourcecode.cpp.cpp; path = "HeatDetector .cpp"; sourceTree = "<group>"; };
/* End PBXFileReference section */

/* Begin PBXFrameworksBuildPhase section */
		DD7A37F01C4FB49200E00454 /* Frameworks */ = {
			isa = PBXFrameworksBuildPhase;
			buildActionMask = 2147483647;
			files = (
			);
			runOnlyForDeploymentPostprocessing = 0;
		};
/* End PBXFrameworksBuildPhase section */

/* Begin PBXGroup section */
		DD7A37EA1C4FB49200E00454 = {
			isa = PBXGroup;
			children = (
				DD7A37F51C4FB49200E00454 /* CodeinGame */,
				DD7A37F41C4FB49200E00454 /* Products */,
			);
			sourceTree = "<group>";
		};
		DD7A37F41C4FB49200E00454 /* Products */ = {
			isa = PBXGroup;
			children = (
				DD7A37F31C4FB49200E00454 /* CodeinGame */,
			);
			name = Products;
			sourceTree = "<group>";
		};
		DD7A37F51C4FB49200E00454 /* CodeinGame */ = {
			isa = PBXGroup;
			children = (
				DD7A37F61C4FB49200E00454 /* HeatDetector .cpp */,
			);
			path = CodeinGame;
			sourceTree = "<group>";
		};
/* End PBXGroup section */

/* Begin PBXNativeTarget section */
		DD7A37F21C4FB49200E00454 /* CodeinGame */ = {
			isa = PBXNativeTarget;
			buildConfigurationList = DD7A37FA1C4FB49200E00454 /* Build configuration list for PBXNativeTarget "CodeinGame" */;
			buildPhases = (
				DD7A37EF1C4FB49200E00454 /* Sources */,
				DD7A37F01C4FB49200E00454 /* Frameworks */,
				DD7A37F11C4FB49200E00454 /* CopyFiles */,
			);
			buildRules = (
			);
			dependencies = (
			);
			name = CodeinGame;
			productName = CodeinGame;
			productReference = DD7A37F31C4FB49200E00454 /* CodeinGame */;
			productType = "com.apple.product-type.tool";
		};
/* End PBXNativeTarget section */

/* Begin PBXProject section */
		DD7A37EB1C4FB49200E00454 /* Project object */ = {
			isa = PBXProject;
			attributes = {
				LastUpgradeCheck = 0710;
				ORGANIZATIONNAME = bugme;
				TargetAttributes = {
					DD7A37F21C4FB49200E00454 = {
						CreatedOnToolsVersion = 7.1.1;
					};
				};
			};
			buildConfigurationList = DD7A37EE1C4FB49200E00454 /* Build configuration list for PBXProject "CodeinGame" */;
			compatibilityVersion = "Xcode 3.2";
			developmentRegion = English;
			hasScannedForEncodings = 0;
			knownRegions = (
				en,
			);
			mainGroup = DD7A37EA1C4FB49200E00454;
			productRefGroup = DD7A37F41C4FB49200E00454 /* Products */;
			projectDirPath = "";
			projectRoot = "";
			targets = (
				DD7A37F21C4FB49200E00454 /* CodeinGame */,
			);
		};
/* End PBXProject section */

/* Begin PBXSourcesBuildPhase section */
		DD7A37EF1C4FB49200E00454 /* Sources */ = {
			isa = PBXSourcesBuildPhase;
			buildActionMask = 2147483647;
			files = (
				DD7A37F71C4FB49200E00454 /* HeatDetector .cpp in Sources */,
			);
			runOnlyForDeploymentPostprocessing = 0;
		};
/* End PBXSourcesBuildPhase section */

/* Begin XCBuildConfiguration section */
		DD7A37F81C4FB49200E00454 /* Debug */ = {
			isa = XCBuildConfiguration;
			buildSettings = {
				ALWAYS_SEARCH_USER_PATHS = NO;
				CLANG_CXX_LANGUAGE_STANDARD = "gnu++0x";
				CLANG_CXX_LIBRARY = "libc++";
				CLANG_ENABLE_MODULES = YES;
				CLANG_ENABLE_OBJC_ARC = YES;
				CLANG_WARN_BOOL_CONVERSION = YES;
				CLANG_WARN_CONSTANT_CONVERSION = YES;
				CLANG_WARN_DIRECT_OBJC_ISA_USAGE = YES_ERROR;
				CLANG_WARN_EMPTY_BODY = YES;
				CLANG_WARN_ENUM_CONVERSION = YES;
				CLANG_WARN_INT_CONVERSION = YES;
				CLANG_WARN_OBJC_ROOT_CLASS = YES_ERROR;
				CLANG_WARN_UNREACHABLE_CODE = YES;
				CLANG_WARN__DUPLICATE_METHOD_MATCH = YES;
				CODE_SIGN_IDENTITY = "-";
				COPY_PHASE_STRIP = NO;
				DEBUG_INFORMATION_FORMAT = dwarf;
				ENABLE_STRICT_OBJC_MSGSEND = YES;
				ENABLE_TESTABILITY = YES;
				GCC_C_LANGUAGE_STANDARD = gnu99;
				GCC_DYNAMIC_NO_PIC = NO;
				GCC_NO_COMMON_BLOCKS = YES;
				GCC_OPTIMIZATION_LEVEL = 0;
				GCC_PREPROCESSOR_DEFINITIONS = (
					"DEBUG=1",
					"$(inherited)",
				);
				GCC_WARN_64_TO_32_BIT_CONVERSION = YES;
				GCC_WARN_ABOUT_RETURN_TYPE = YES_ERROR;
				GCC_WARN_UNDECLARED_SELECTOR = YES;
				GCC_WARN_UNINITIALIZED_AUTOS = YES_AGGRESSIVE;
				GCC_WARN_UNUSED_FUNCTION = YES;
				GCC_WARN_UNUSED_VARIABLE = YES;
				MACOSX_DEPLOYMENT_TARGET = 10.11;
				MTL_ENABLE_DEBUG_INFO = YES;
				ONLY_ACTIVE_ARCH = YES;
				SDKROOT = macosx;
			};
			name = Debug;
		};
		DD7A37F91C4FB49200E00454 /* Release */ = {
			isa = XCBuildConfiguration;
			buildSettings = {
				ALWAYS_SEARCH_USER_PATHS = NO;
				CLANG_CXX_LANGUAGE_STANDARD = "gnu++0x";
				CLANG_CXX_LIBRARY = "libc++";
				CLANG_ENABLE_MODULES = YES;
				CLANG_ENABLE_OBJC_ARC = YES;
				CLANG_WARN_BOOL_CONVERSION = YES;
				CLANG_WARN_CONSTANT_CONVERSION = YES;
				CLANG_WARN_DIRECT_OBJC_ISA_USAGE = YES_ERROR;
				CLANG_WARN_EMPTY_BODY = YES;
				CLANG_WARN_ENUM_CONVERSION = YES;
				CLANG_WARN_INT_CONVERSION = YES;
				CLANG_WARN_OBJC_ROOT_CLASS = YES_ERROR;
				CLANG_WARN_UNREACHABLE_CODE = YES;
				CLANG_WARN__DUPLICATE_METHOD_MATCH = YES;
				CODE_SIGN_IDENTITY = "-";
				COPY_PHASE_STRIP = NO;
				DEBUG_INFORMATION_FORMAT = "dwarf-with-dsym";
				ENABLE_NS_ASSERTIONS = NO;
				ENABLE_STRICT_OBJC_MSGSEND = YES;
				GCC_C_LANGUAGE_STANDARD = gnu99;
				GCC_NO_COMMON_BLOCKS = YES;
				GCC_WARN_64_TO_32_BIT_CONVERSION = YES;
				GCC_WARN_ABOUT_RETURN_TYPE = YES_ERROR;
				GCC_WARN_UNDECLARED_SELECTOR = YES;
				GCC_WARN_UNINITIALIZED_AUTOS = YES_AGGRESSIVE;
				GCC_WARN_UNUSED_FUNCTION = YES;
				GCC_WARN_UNUSED_VARIABLE = YES;
				MACOSX_DEPLOYMENT_TARGET = 10.11;
				MTL_ENABLE_DEBUG_INFO = NO;
				SDKROOT = macosx;
			};
			name = Release;
		};
		DD7A37FB1C4FB49200E00454 /* Debug */ = {
			isa = XCBuildConfiguration;
			buildSettings = {
				PRODUCT_NAME = "$(TARGET_NAME)";
			};
			name = Debug;
		};
		DD7A37FC1C4FB49200E00454 /* Release */ = {
			isa = XCBuildConfiguration;
			buildSettings = {
				PRODUCT_NAME = "$(TARGET_NAME)";
			};
			name = Release;
		};
/* End XCBuildConfiguration section */

/* Begin XCConfigurationList section */
		DD7A37EE1C4FB49200E00454 /* Build configuration list for PBXProject "CodeinGame" */ = {
			isa = XCConfigurationList;
			buildConfigurations = (
				DD7A37F81C4FB49200E00454 /* Debug */,
				DD7A37F91C4FB49200E00454 /* Release */,
			);
			defaultConfigurationIsVisible = 0;
			defaultConfigurationName = Release;
		};
		DD7A37FA1C4FB49200E00454 /* Build configuration list for PBXNativeTarget "CodeinGame" */ = {
			isa = XCConfigurationList;
			buildConfigurations = (
				DD7A37FB1C4FB49200E00454 /* Debug */,
				DD7A37FC1C4FB49200E00454 /* Release */,
			);
			defaultConfigurationIsVisible = 0;
		};
/* End XCConfigurationList section */
	};
	rootObject = DD7A37EB1C4FB49200E00454 /* Project object */;
}
